
Microsoft Visual Studio Solution File, Format Version 12.00
# Visual Studio 15
VisualStudioVersion = 15.0.26730.16
MinimumVisualStudioVersion = 10.0.40219.1
Project("{9A19103F-16F7-4668-BE54-9A1E7A4F7556}") = "ProudNet", "src\ProudNet\ProudNet.csproj", "{7ED60C00-2BD9-4426-A9A5-295547B8C970}"
EndProject
Project("{9A19103F-16F7-4668-BE54-9A1E7A4F7556}") = "Netsphere", "src\Netsphere\Netsphere.csproj", "{4004052C-E8E4-4B71-BC9C-EE8589304AB7}"
EndProject
Project("{9A19103F-16F7-4668-BE54-9A1E7A4F7556}") = "Netsphere.Network", "src\Netsphere.Network\Netsphere.Network.csproj", "{52F498F4-C72A-47D3-B7D8-7BA6D893FF2B}"
EndProject
Project("{9A19103F-16F7-4668-BE54-9A1E7A4F7556}") = "Netsphere.Database", "src\Netsphere.Database\Netsphere.Database.csproj", "{F366589C-6B32-43B1-B8A1-45B4A8CABB28}"
EndProject
Project("{9A19103F-16F7-4668-BE54-9A1E7A4F7556}") = "Netsphere.Resource", "src\Netsphere.Resource\Netsphere.Resource.csproj", "{662E4FB4-5053-49B4-970C-369296C27E7D}"
EndProject
Project("{2150E333-8FDC-42A3-9474-1A3956D46DE8}") = "Tools", "Tools", "{D196F056-F7FD-4F53-AD64-3D8677631492}"
ProjectSection(SolutionItems) = preProject
	src\tools\SharpLzo.targets = src\tools\SharpLzo.targets
	src\tools\OSPlatform.targets = src\tools\OSPlatform.targets
EndProjectSection
EndProject
Project("{9A19103F-16F7-4668-BE54-9A1E7A4F7556}") = "DataExtractor", "src\tools\DataExtractor\DataExtractor.csproj", "{7364B088-32B5-4033-B5A0-5147B8939F6E}"
EndProject
Project("{9A19103F-16F7-4668-BE54-9A1E7A4F7556}") = "NetsphereExplorer", "src\tools\NetsphereExplorer\NetsphereExplorer.csproj", "{DD2244E5-D1C9-4B39-95C0-2C74B3A3CBA3}"
EndProject
Project("{2150E333-8FDC-42A3-9474-1A3956D46DE8}") = "root", "root", "{5FC2263D-9EA6-4055-B97E-4AAC8163452F}"
ProjectSection(SolutionItems) = preProject
	appveyor.yml = appveyor.yml
	global.json = global.json
	Rules.ruleset = Rules.ruleset
	README.md = README.md
	.gitignore = .gitignore
	.editorconfig = .editorconfig
	.gitattributes = .gitattributes
	NetspherePirates.sln.DotSettings = NetspherePirates.sln.DotSettings
	Rules.targets = Rules.targets
	NuGet.Config = NuGet.Config
EndProjectSection
EndProject
Project("{FAE04EC0-301F-11D3-BF4B-00C04F79EFBC}") = "Netsphere.Common", "src\Netsphere.Common\Netsphere.Common.csproj", "{6F4935EA-CF29-4ADF-AC23-15D981D2B9A4}"
EndProject
Project("{FAE04EC0-301F-11D3-BF4B-00C04F79EFBC}") = "Netsphere.Server.Auth", "src\Netsphere.Server.Auth\Netsphere.Server.Auth.csproj", "{6D49020F-E99D-4927-B248-F203D1738653}"
EndProject
Project("{9A19103F-16F7-4668-BE54-9A1E7A4F7556}") = "_build", ".build\_build.csproj", "{31B4AE00-1501-41A1-8994-D0E64E28B086}"
EndProject
Global
	GlobalSection(SolutionConfigurationPlatforms) = preSolution
		Debug|Any CPU = Debug|Any CPU
		DebugNoTools|Any CPU = DebugNoTools|Any CPU
		DebugOnlyTools|Any CPU = DebugOnlyTools|Any CPU
		Release|Any CPU = Release|Any CPU
		ReleaseNoTools|Any CPU = ReleaseNoTools|Any CPU
		ReleaseOnlyTools|Any CPU = ReleaseOnlyTools|Any CPU
	EndGlobalSection
	GlobalSection(ProjectConfigurationPlatforms) = postSolution
		{31B4AE00-1501-41A1-8994-D0E64E28B086}.Debug|Any CPU.ActiveCfg = Debug|Any CPU
		{31B4AE00-1501-41A1-8994-D0E64E28B086}.Release|Any CPU.ActiveCfg = Release|Any CPU
		{7ED60C00-2BD9-4426-A9A5-295547B8C970}.Debug|Any CPU.ActiveCfg = Debug|Any CPU
		{7ED60C00-2BD9-4426-A9A5-295547B8C970}.Debug|Any CPU.Build.0 = Debug|Any CPU
		{7ED60C00-2BD9-4426-A9A5-295547B8C970}.DebugNoTools|Any CPU.ActiveCfg = Debug|Any CPU
		{7ED60C00-2BD9-4426-A9A5-295547B8C970}.DebugNoTools|Any CPU.Build.0 = Debug|Any CPU
		{7ED60C00-2BD9-4426-A9A5-295547B8C970}.DebugOnlyTools|Any CPU.ActiveCfg = Debug|Any CPU
		{7ED60C00-2BD9-4426-A9A5-295547B8C970}.DebugOnlyTools|Any CPU.Build.0 = Debug|Any CPU
		{7ED60C00-2BD9-4426-A9A5-295547B8C970}.Release|Any CPU.ActiveCfg = Release|Any CPU
		{7ED60C00-2BD9-4426-A9A5-295547B8C970}.Release|Any CPU.Build.0 = Release|Any CPU
		{7ED60C00-2BD9-4426-A9A5-295547B8C970}.ReleaseNoTools|Any CPU.ActiveCfg = Release|Any CPU
		{7ED60C00-2BD9-4426-A9A5-295547B8C970}.ReleaseNoTools|Any CPU.Build.0 = Release|Any CPU
		{7ED60C00-2BD9-4426-A9A5-295547B8C970}.ReleaseOnlyTools|Any CPU.ActiveCfg = Release|Any CPU
		{7ED60C00-2BD9-4426-A9A5-295547B8C970}.ReleaseOnlyTools|Any CPU.Build.0 = Release|Any CPU
		{4004052C-E8E4-4B71-BC9C-EE8589304AB7}.Debug|Any CPU.ActiveCfg = Debug|Any CPU
		{4004052C-E8E4-4B71-BC9C-EE8589304AB7}.Debug|Any CPU.Build.0 = Debug|Any CPU
		{4004052C-E8E4-4B71-BC9C-EE8589304AB7}.DebugNoTools|Any CPU.ActiveCfg = Debug|Any CPU
		{4004052C-E8E4-4B71-BC9C-EE8589304AB7}.DebugNoTools|Any CPU.Build.0 = Debug|Any CPU
		{4004052C-E8E4-4B71-BC9C-EE8589304AB7}.DebugOnlyTools|Any CPU.ActiveCfg = Debug|Any CPU
		{4004052C-E8E4-4B71-BC9C-EE8589304AB7}.DebugOnlyTools|Any CPU.Build.0 = Debug|Any CPU
		{4004052C-E8E4-4B71-BC9C-EE8589304AB7}.Release|Any CPU.ActiveCfg = Release|Any CPU
		{4004052C-E8E4-4B71-BC9C-EE8589304AB7}.Release|Any CPU.Build.0 = Release|Any CPU
		{4004052C-E8E4-4B71-BC9C-EE8589304AB7}.ReleaseNoTools|Any CPU.ActiveCfg = Release|Any CPU
		{4004052C-E8E4-4B71-BC9C-EE8589304AB7}.ReleaseNoTools|Any CPU.Build.0 = Release|Any CPU
		{4004052C-E8E4-4B71-BC9C-EE8589304AB7}.ReleaseOnlyTools|Any CPU.ActiveCfg = Release|Any CPU
		{4004052C-E8E4-4B71-BC9C-EE8589304AB7}.ReleaseOnlyTools|Any CPU.Build.0 = Release|Any CPU
		{52F498F4-C72A-47D3-B7D8-7BA6D893FF2B}.Debug|Any CPU.ActiveCfg = Debug|Any CPU
		{52F498F4-C72A-47D3-B7D8-7BA6D893FF2B}.Debug|Any CPU.Build.0 = Debug|Any CPU
		{52F498F4-C72A-47D3-B7D8-7BA6D893FF2B}.DebugNoTools|Any CPU.ActiveCfg = Debug|Any CPU
		{52F498F4-C72A-47D3-B7D8-7BA6D893FF2B}.DebugNoTools|Any CPU.Build.0 = Debug|Any CPU
		{52F498F4-C72A-47D3-B7D8-7BA6D893FF2B}.DebugOnlyTools|Any CPU.ActiveCfg = Debug|Any CPU
		{52F498F4-C72A-47D3-B7D8-7BA6D893FF2B}.DebugOnlyTools|Any CPU.Build.0 = Debug|Any CPU
		{52F498F4-C72A-47D3-B7D8-7BA6D893FF2B}.Release|Any CPU.ActiveCfg = Release|Any CPU
		{52F498F4-C72A-47D3-B7D8-7BA6D893FF2B}.Release|Any CPU.Build.0 = Release|Any CPU
		{52F498F4-C72A-47D3-B7D8-7BA6D893FF2B}.ReleaseNoTools|Any CPU.ActiveCfg = Release|Any CPU
		{52F498F4-C72A-47D3-B7D8-7BA6D893FF2B}.ReleaseNoTools|Any CPU.Build.0 = Release|Any CPU
		{52F498F4-C72A-47D3-B7D8-7BA6D893FF2B}.ReleaseOnlyTools|Any CPU.ActiveCfg = Release|Any CPU
		{52F498F4-C72A-47D3-B7D8-7BA6D893FF2B}.ReleaseOnlyTools|Any CPU.Build.0 = Release|Any CPU
		{F366589C-6B32-43B1-B8A1-45B4A8CABB28}.Debug|Any CPU.ActiveCfg = Debug|Any CPU
		{F366589C-6B32-43B1-B8A1-45B4A8CABB28}.Debug|Any CPU.Build.0 = Debug|Any CPU
		{F366589C-6B32-43B1-B8A1-45B4A8CABB28}.DebugNoTools|Any CPU.ActiveCfg = Debug|Any CPU
		{F366589C-6B32-43B1-B8A1-45B4A8CABB28}.DebugNoTools|Any CPU.Build.0 = Debug|Any CPU
		{F366589C-6B32-43B1-B8A1-45B4A8CABB28}.DebugOnlyTools|Any CPU.ActiveCfg = Debug|Any CPU
		{F366589C-6B32-43B1-B8A1-45B4A8CABB28}.DebugOnlyTools|Any CPU.Build.0 = Debug|Any CPU
		{F366589C-6B32-43B1-B8A1-45B4A8CABB28}.Release|Any CPU.ActiveCfg = Release|Any CPU
		{F366589C-6B32-43B1-B8A1-45B4A8CABB28}.Release|Any CPU.Build.0 = Release|Any CPU
		{F366589C-6B32-43B1-B8A1-45B4A8CABB28}.ReleaseNoTools|Any CPU.ActiveCfg = Release|Any CPU
		{F366589C-6B32-43B1-B8A1-45B4A8CABB28}.ReleaseNoTools|Any CPU.Build.0 = Release|Any CPU
		{F366589C-6B32-43B1-B8A1-45B4A8CABB28}.ReleaseOnlyTools|Any CPU.ActiveCfg = Release|Any CPU
		{F366589C-6B32-43B1-B8A1-45B4A8CABB28}.ReleaseOnlyTools|Any CPU.Build.0 = Release|Any CPU
		{662E4FB4-5053-49B4-970C-369296C27E7D}.Debug|Any CPU.ActiveCfg = Debug|Any CPU
		{662E4FB4-5053-49B4-970C-369296C27E7D}.Debug|Any CPU.Build.0 = Debug|Any CPU
		{662E4FB4-5053-49B4-970C-369296C27E7D}.DebugNoTools|Any CPU.ActiveCfg = Debug|Any CPU
		{662E4FB4-5053-49B4-970C-369296C27E7D}.DebugNoTools|Any CPU.Build.0 = Debug|Any CPU
		{662E4FB4-5053-49B4-970C-369296C27E7D}.DebugOnlyTools|Any CPU.ActiveCfg = Debug|Any CPU
		{662E4FB4-5053-49B4-970C-369296C27E7D}.DebugOnlyTools|Any CPU.Build.0 = Debug|Any CPU
		{662E4FB4-5053-49B4-970C-369296C27E7D}.Release|Any CPU.ActiveCfg = Release|Any CPU
		{662E4FB4-5053-49B4-970C-369296C27E7D}.Release|Any CPU.Build.0 = Release|Any CPU
		{662E4FB4-5053-49B4-970C-369296C27E7D}.ReleaseNoTools|Any CPU.ActiveCfg = Release|Any CPU
		{662E4FB4-5053-49B4-970C-369296C27E7D}.ReleaseNoTools|Any CPU.Build.0 = Release|Any CPU
		{662E4FB4-5053-49B4-970C-369296C27E7D}.ReleaseOnlyTools|Any CPU.ActiveCfg = Release|Any CPU
		{662E4FB4-5053-49B4-970C-369296C27E7D}.ReleaseOnlyTools|Any CPU.Build.0 = Release|Any CPU
		{7364B088-32B5-4033-B5A0-5147B8939F6E}.Debug|Any CPU.ActiveCfg = Debug|Any CPU
		{7364B088-32B5-4033-B5A0-5147B8939F6E}.Debug|Any CPU.Build.0 = Debug|Any CPU
		{7364B088-32B5-4033-B5A0-5147B8939F6E}.DebugNoTools|Any CPU.ActiveCfg = Debug|Any CPU
		{7364B088-32B5-4033-B5A0-5147B8939F6E}.DebugOnlyTools|Any CPU.ActiveCfg = Debug|Any CPU
		{7364B088-32B5-4033-B5A0-5147B8939F6E}.DebugOnlyTools|Any CPU.Build.0 = Debug|Any CPU
		{7364B088-32B5-4033-B5A0-5147B8939F6E}.Release|Any CPU.ActiveCfg = Release|Any CPU
		{7364B088-32B5-4033-B5A0-5147B8939F6E}.Release|Any CPU.Build.0 = Release|Any CPU
		{7364B088-32B5-4033-B5A0-5147B8939F6E}.ReleaseNoTools|Any CPU.ActiveCfg = Release|Any CPU
		{7364B088-32B5-4033-B5A0-5147B8939F6E}.ReleaseOnlyTools|Any CPU.ActiveCfg = Release|Any CPU
		{7364B088-32B5-4033-B5A0-5147B8939F6E}.ReleaseOnlyTools|Any CPU.Build.0 = Release|Any CPU
		{DD2244E5-D1C9-4B39-95C0-2C74B3A3CBA3}.Debug|Any CPU.ActiveCfg = Debug|Any CPU
		{DD2244E5-D1C9-4B39-95C0-2C74B3A3CBA3}.Debug|Any CPU.Build.0 = Debug|Any CPU
		{DD2244E5-D1C9-4B39-95C0-2C74B3A3CBA3}.DebugNoTools|Any CPU.ActiveCfg = Debug|Any CPU
		{DD2244E5-D1C9-4B39-95C0-2C74B3A3CBA3}.DebugOnlyTools|Any CPU.ActiveCfg = Debug|Any CPU
		{DD2244E5-D1C9-4B39-95C0-2C74B3A3CBA3}.DebugOnlyTools|Any CPU.Build.0 = Debug|Any CPU
		{DD2244E5-D1C9-4B39-95C0-2C74B3A3CBA3}.Release|Any CPU.ActiveCfg = Release|Any CPU
		{DD2244E5-D1C9-4B39-95C0-2C74B3A3CBA3}.Release|Any CPU.Build.0 = Release|Any CPU
		{DD2244E5-D1C9-4B39-95C0-2C74B3A3CBA3}.ReleaseNoTools|Any CPU.ActiveCfg = Release|Any CPU
		{DD2244E5-D1C9-4B39-95C0-2C74B3A3CBA3}.ReleaseOnlyTools|Any CPU.ActiveCfg = Release|Any CPU
		{DD2244E5-D1C9-4B39-95C0-2C74B3A3CBA3}.ReleaseOnlyTools|Any CPU.Build.0 = Release|Any CPU
		{6F4935EA-CF29-4ADF-AC23-15D981D2B9A4}.Debug|Any CPU.ActiveCfg = Debug|Any CPU
		{6F4935EA-CF29-4ADF-AC23-15D981D2B9A4}.Debug|Any CPU.Build.0 = Debug|Any CPU
		{6F4935EA-CF29-4ADF-AC23-15D981D2B9A4}.DebugNoTools|Any CPU.ActiveCfg = Debug|Any CPU
		{6F4935EA-CF29-4ADF-AC23-15D981D2B9A4}.DebugNoTools|Any CPU.Build.0 = Debug|Any CPU
		{6F4935EA-CF29-4ADF-AC23-15D981D2B9A4}.DebugOnlyTools|Any CPU.ActiveCfg = Debug|Any CPU
		{6F4935EA-CF29-4ADF-AC23-15D981D2B9A4}.DebugOnlyTools|Any CPU.Build.0 = Debug|Any CPU
		{6F4935EA-CF29-4ADF-AC23-15D981D2B9A4}.Release|Any CPU.ActiveCfg = Release|Any CPU
		{6F4935EA-CF29-4ADF-AC23-15D981D2B9A4}.Release|Any CPU.Build.0 = Release|Any CPU
		{6F4935EA-CF29-4ADF-AC23-15D981D2B9A4}.ReleaseNoTools|Any CPU.ActiveCfg = Debug|Any CPU
		{6F4935EA-CF29-4ADF-AC23-15D981D2B9A4}.ReleaseNoTools|Any CPU.Build.0 = Debug|Any CPU
		{6F4935EA-CF29-4ADF-AC23-15D981D2B9A4}.ReleaseOnlyTools|Any CPU.ActiveCfg = Debug|Any CPU
		{6F4935EA-CF29-4ADF-AC23-15D981D2B9A4}.ReleaseOnlyTools|Any CPU.Build.0 = Debug|Any CPU
		{6D49020F-E99D-4927-B248-F203D1738653}.Debug|Any CPU.ActiveCfg = Debug|Any CPU
		{6D49020F-E99D-4927-B248-F203D1738653}.Debug|Any CPU.Build.0 = Debug|Any CPU
		{6D49020F-E99D-4927-B248-F203D1738653}.DebugNoTools|Any CPU.ActiveCfg = Debug|Any CPU
		{6D49020F-E99D-4927-B248-F203D1738653}.DebugNoTools|Any CPU.Build.0 = Debug|Any CPU
		{6D49020F-E99D-4927-B248-F203D1738653}.DebugOnlyTools|Any CPU.ActiveCfg = Debug|Any CPU
		{6D49020F-E99D-4927-B248-F203D1738653}.DebugOnlyTools|Any CPU.Build.0 = Debug|Any CPU
		{6D49020F-E99D-4927-B248-F203D1738653}.Release|Any CPU.ActiveCfg = Release|Any CPU
		{6D49020F-E99D-4927-B248-F203D1738653}.Release|Any CPU.Build.0 = Release|Any CPU
		{6D49020F-E99D-4927-B248-F203D1738653}.ReleaseNoTools|Any CPU.ActiveCfg = Debug|Any CPU
		{6D49020F-E99D-4927-B248-F203D1738653}.ReleaseNoTools|Any CPU.Build.0 = Debug|Any CPU
		{6D49020F-E99D-4927-B248-F203D1738653}.ReleaseOnlyTools|Any CPU.ActiveCfg = Debug|Any CPU
		{6D49020F-E99D-4927-B248-F203D1738653}.ReleaseOnlyTools|Any CPU.Build.0 = Debug|Any CPU
	EndGlobalSection
	GlobalSection(SolutionProperties) = preSolution
		HideSolutionNode = FALSE
	EndGlobalSection
	GlobalSection(NestedProjects) = preSolution
		{7364B088-32B5-4033-B5A0-5147B8939F6E} = {D196F056-F7FD-4F53-AD64-3D8677631492}
		{DD2244E5-D1C9-4B39-95C0-2C74B3A3CBA3} = {D196F056-F7FD-4F53-AD64-3D8677631492}
	EndGlobalSection
	GlobalSection(ExtensibilityGlobals) = postSolution
		SolutionGuid = {01EAF340-829E-4876-AA91-1A8B27DDED00}
	EndGlobalSection
EndGlobal
